
Microsoft Visual Studio Solution File, Format Version 12.00
# Visual Studio 15
VisualStudioVersion = 15.0.28307.902
MinimumVisualStudioVersion = 10.0.40219.1
Project("{FAE04EC0-301F-11D3-BF4B-00C04F79EFBC}") = "StartUpServer", "StartUpServer\StartUpServer.csproj", "{51C8D3D0-6711-421A-B73F-58A18E7225FF}"
EndProject
Project("{FAE04EC0-301F-11D3-BF4B-00C04F79EFBC}") = "Contracts", "Contracts\Contracts.csproj", "{BC0A89C8-0A99-4440-A18A-153B55753352}"
EndProject
Project("{FAE04EC0-301F-11D3-BF4B-00C04F79EFBC}") = "LoggerService", "LoggerService\LoggerService.csproj", "{1FAC94B6-CBF2-4F37-8213-659290A54F75}"
EndProject
Global
	GlobalSection(SolutionConfigurationPlatforms) = preSolution
		Debug|Any CPU = Debug|Any CPU
		Release|Any CPU = Release|Any CPU
	EndGlobalSection
	GlobalSection(ProjectConfigurationPlatforms) = postSolution
		{51C8D3D0-6711-421A-B73F-58A18E7225FF}.Debug|Any CPU.ActiveCfg = Debug|Any CPU
		{51C8D3D0-6711-421A-B73F-58A18E7225FF}.Debug|Any CPU.Build.0 = Debug|Any CPU
		{51C8D3D0-6711-421A-B73F-58A18E7225FF}.Release|Any CPU.ActiveCfg = Release|Any CPU
		{51C8D3D0-6711-421A-B73F-58A18E7225FF}.Release|Any CPU.Build.0 = Release|Any CPU
		{BC0A89C8-0A99-4440-A18A-153B55753352}.Debug|Any CPU.ActiveCfg = Debug|Any CPU
		{BC0A89C8-0A99-4440-A18A-153B55753352}.Debug|Any CPU.Build.0 = Debug|Any CPU
		{BC0A89C8-0A99-4440-A18A-153B55753352}.Release|Any CPU.ActiveCfg = Release|Any CPU
		{BC0A89C8-0A99-4440-A18A-153B55753352}.Release|Any CPU.Build.0 = Release|Any CPU
		{1FAC94B6-CBF2-4F37-8213-659290A54F75}.Debug|Any CPU.ActiveCfg = Debug|Any CPU
		{1FAC94B6-CBF2-4F37-8213-659290A54F75}.Debug|Any CPU.Build.0 = Debug|Any CPU
		{1FAC94B6-CBF2-4F37-8213-659290A54F75}.Release|Any CPU.ActiveCfg = Release|Any CPU
		{1FAC94B6-CBF2-4F37-8213-659290A54F75}.Release|Any CPU.Build.0 = Release|Any CPU
	EndGlobalSection
	GlobalSection(SolutionProperties) = preSolution
		HideSolutionNode = FALSE
	EndGlobalSection
	GlobalSection(ExtensibilityGlobals) = postSolution
		SolutionGuid = {6C1F44A1-E9C1-43BE-80E5-4576F76D2042}
	EndGlobalSection
EndGlobal
